{
  "object": {
    "pins": [
      {
        "package": "AnyCodable",
        "repositoryURL": "https://github.com/Flight-School/AnyCodable",
        "state": {
          "branch": null,
          "revision": "b1a7a8a6186f2fcb28f7bda67cfc545de48b3c80",
          "version": "0.6.2"
        }
      },
      {
        "package": "ChimeKit",
        "repositoryURL": "https://github.com/ChimeHQ/ChimeKit",
        "state": {
          "branch": null,
          "revision": "f19916df7e16f131d069a0b375381bafa404a46a",
          "version": "0.1.1"
        }
      },
      {
        "package": "ConcurrencyPlus",
        "repositoryURL": "https://github.com/ChimeHQ/ConcurrencyPlus",
        "state": {
          "branch": null,
          "revision": "a8abc2202ba82c5782894cb5665dc338ee68d272",
          "version": "0.4.0"
        }
      },
      {
        "package": "Extendable",
        "repositoryURL": "https://github.com/ChimeHQ/Extendable",
        "state": {
          "branch": null,
          "revision": "1e5f8b3b4e64fcfca4bfd5b0b38679cac7ea14c9",
          "version": "0.1.1"
        }
      },
      {
        "package": "FSEventsWrapper",
        "repositoryURL": "https://github.com/Frizlab/FSEventsWrapper",
        "state": {
          "branch": null,
          "revision": "e0c59a2ce2775e5f6642da6d19207445f10112d0",
          "version": "1.0.2"
        }
      },
      {
        "package": "Glob",
        "repositoryURL": "https://github.com/Bouke/Glob",
        "state": {
          "branch": null,
          "revision": "deda6e163d2ff2a8d7e138e2c3326dbd71157faf",
          "version": "1.0.5"
        }
      },
      {
        "package": "JSONRPC",
        "repositoryURL": "https://github.com/ChimeHQ/JSONRPC",
        "state": {
          "branch": null,
          "revision": "55071da13d109e61584750f39c0941d49711b962",
          "version": "0.5.0"
        }
      },
      {
        "package": "LanguageClient",
        "repositoryURL": "https://github.com/ChimeHQ/LanguageClient",
        "state": {
          "branch": null,
          "revision": "289a24fdd1cc2ca91202c72181d495444c7b4e43",
          "version": "0.2.7"
        }
      },
      {
        "package": "LanguageServerProtocol",
        "repositoryURL": "https://github.com/ChimeHQ/LanguageServerProtocol",
        "state": {
          "branch": null,
          "revision": "abf80b752f5db0aa3f293b30f2ffeebc0f7decdf",
          "version": "0.7.9"
        }
      },
      {
        "package": "OperationPlus",
        "repositoryURL": "https://github.com/ChimeHQ/OperationPlus",
        "state": {
          "branch": null,
          "revision": "1340f95dce3e93d742497d88db18f8676f4badf4",
          "version": "1.6.0"
        }
      },
      {
        "package": "ProcessEnv",
        "repositoryURL": "https://github.com/ChimeHQ/ProcessEnv",
        "state": {
          "branch": null,
          "revision": "29487b6581bb785c372c611c943541ef4309d051",
          "version": "0.3.1"
        }
      },
      {
        "package": "ProcessService",
        "repositoryURL": "https://github.com/ChimeHQ/ProcessService",
        "state": {
          "branch": null,
          "revision": "369fb0379983d3b43c7d7ad62c4e91ee020e347c",
          "version": "0.2.6"
        }
      }
    ]
  },
  "version": 1
}
